
Microsoft Visual Studio Solution File, Format Version 12.00
# Visual Studio Version 16
VisualStudioVersion = 16.0.30907.101
MinimumVisualStudioVersion = 10.0.40219.1
Project("{FAE04EC0-301F-11D3-BF4B-00C04F79EFBC}") = "Practaka1", "Practaka1.csproj", "{8984D04A-4F43-47CA-824D-00DB026669E3}"
EndProject
Project("{FAE04EC0-301F-11D3-BF4B-00C04F79EFBC}") = "WSUniversalLib", "..\WSUniversalLib\WSUniversalLib.csproj", "{C1A45FCB-F38F-4B3C-9582-564A589CAE5F}"
EndProject
Project("{FAE04EC0-301F-11D3-BF4B-00C04F79EFBC}") = "WSUniversalLibTests", "..\WSUniversalLibTests\WSUniversalLibTests.csproj", "{97C0CA1B-C529-46D3-BEEB-592B6FA45E67}"
EndProject
Global
	GlobalSection(SolutionConfigurationPlatforms) = preSolution
		Debug|Any CPU = Debug|Any CPU
		Release|Any CPU = Release|Any CPU
	EndGlobalSection
	GlobalSection(ProjectConfigurationPlatforms) = postSolution
		{8984D04A-4F43-47CA-824D-00DB026669E3}.Debug|Any CPU.ActiveCfg = Debug|Any CPU
		{8984D04A-4F43-47CA-824D-00DB026669E3}.Debug|Any CPU.Build.0 = Debug|Any CPU
		{8984D04A-4F43-47CA-824D-00DB026669E3}.Release|Any CPU.ActiveCfg = Release|Any CPU
		{8984D04A-4F43-47CA-824D-00DB026669E3}.Release|Any CPU.Build.0 = Release|Any CPU
		{C1A45FCB-F38F-4B3C-9582-564A589CAE5F}.Debug|Any CPU.ActiveCfg = Debug|Any CPU
		{C1A45FCB-F38F-4B3C-9582-564A589CAE5F}.Debug|Any CPU.Build.0 = Debug|Any CPU
		{C1A45FCB-F38F-4B3C-9582-564A589CAE5F}.Release|Any CPU.ActiveCfg = Release|Any CPU
		{C1A45FCB-F38F-4B3C-9582-564A589CAE5F}.Release|Any CPU.Build.0 = Release|Any CPU
		{97C0CA1B-C529-46D3-BEEB-592B6FA45E67}.Debug|Any CPU.ActiveCfg = Debug|Any CPU
		{97C0CA1B-C529-46D3-BEEB-592B6FA45E67}.Debug|Any CPU.Build.0 = Debug|Any CPU
		{97C0CA1B-C529-46D3-BEEB-592B6FA45E67}.Release|Any CPU.ActiveCfg = Release|Any CPU
		{97C0CA1B-C529-46D3-BEEB-592B6FA45E67}.Release|Any CPU.Build.0 = Release|Any CPU
	EndGlobalSection
	GlobalSection(SolutionProperties) = preSolution
		HideSolutionNode = FALSE
	EndGlobalSection
	GlobalSection(ExtensibilityGlobals) = postSolution
		SolutionGuid = {BA57AD0B-2A83-44FC-A5C5-1E5C79F2F8B0}
	EndGlobalSection
EndGlobal
